
Microsoft Visual Studio Solution File, Format Version 12.00
# Visual Studio Version 16
VisualStudioVersion = 16.0.32510.428
MinimumVisualStudioVersion = 10.0.40219.1
Project("{FAE04EC0-301F-11D3-BF4B-00C04F79EFBC}") = "Yachts_", "Yachts_\Yachts_.csproj", "{7EC85DC6-AC10-446E-9F10-0687678F8351}"
EndProject
Global
	GlobalSection(SolutionConfigurationPlatforms) = preSolution
		Debug|Any CPU = Debug|Any CPU
		Release|Any CPU = Release|Any CPU
	EndGlobalSection
	GlobalSection(ProjectConfigurationPlatforms) = postSolution
		{7EC85DC6-AC10-446E-9F10-0687678F8351}.Debug|Any CPU.ActiveCfg = Debug|Any CPU
		{7EC85DC6-AC10-446E-9F10-0687678F8351}.Debug|Any CPU.Build.0 = Debug|Any CPU
		{7EC85DC6-AC10-446E-9F10-0687678F8351}.Release|Any CPU.ActiveCfg = Release|Any CPU
		{7EC85DC6-AC10-446E-9F10-0687678F8351}.Release|Any CPU.Build.0 = Release|Any CPU
	EndGlobalSection
	GlobalSection(SolutionProperties) = preSolution
		HideSolutionNode = FALSE
	EndGlobalSection
	GlobalSection(ExtensibilityGlobals) = postSolution
		SolutionGuid = {9D286EEB-F31B-4696-9F43-05FB58F19EE6}
	EndGlobalSection
EndGlobal
